{
    "name": "csvly",
    "version": "0.3.2",
    "lockfileVersion": 1,
    "requires": true,
    "dependencies": {
        "csv": {
            "version": "0.4.6",
            "resolved": "https://registry.npmjs.org/csv/-/csv-0.4.6.tgz",
            "integrity": "sha1-jbrn3f26rmLB6ph8Pg+Kmsc3tz0=",
            "requires": {
                "csv-generate": "^0.0.6",
                "csv-parse": "^1.0.0",
                "csv-stringify": "^0.0.8",
                "stream-transform": "^0.1.0"
            },
            "dependencies": {
                "csv-generate": {
                    "version": "0.0.6",
                    "resolved": "https://registry.npmjs.org/csv-generate/-/csv-generate-0.0.6.tgz",
                    "integrity": "sha1-l+TmOuRrIZEs2UdbwxRp0m9a3mY="
                },
                "csv-parse": {
                    "version": "1.0.0",
                    "resolved": "https://registry.npmjs.org/csv-parse/-/csv-parse-1.0.0.tgz",
                    "integrity": "sha1-nAwaKvgIhVBGQHCriXm7mf6n68k="
                },
                "csv-stringify": {
                    "version": "0.0.8",
                    "resolved": "https://registry.npmjs.org/csv-stringify/-/csv-stringify-0.0.8.tgz",
                    "integrity": "sha1-Usw7PfwZd1jFWtMlqVvoUHH55Rs="
                },
                "stream-transform": {
                    "version": "0.1.1",
                    "resolved": "https://registry.npmjs.org/stream-transform/-/stream-transform-0.1.1.tgz",
                    "integrity": "sha1-ClSiuB7qiNpVpQ3yRBy2PtwQHHE="
                }
            }
        }
    }
}
